
Microsoft Visual Studio Solution File, Format Version 12.00
# Visual Studio Version 16
VisualStudioVersion = 16.0.31402.337
MinimumVisualStudioVersion = 10.0.40219.1
Project("{FAE04EC0-301F-11D3-BF4B-00C04F79EFBC}") = "Employee.Api", "Employee.Api\Employee.Api.csproj", "{7713EB92-DD6C-4037-9CC6-02288C4658DB}"
EndProject
Global
	GlobalSection(SolutionConfigurationPlatforms) = preSolution
		Debug|Any CPU = Debug|Any CPU
		Release|Any CPU = Release|Any CPU
	EndGlobalSection
	GlobalSection(ProjectConfigurationPlatforms) = postSolution
		{7713EB92-DD6C-4037-9CC6-02288C4658DB}.Debug|Any CPU.ActiveCfg = Debug|Any CPU
		{7713EB92-DD6C-4037-9CC6-02288C4658DB}.Debug|Any CPU.Build.0 = Debug|Any CPU
		{7713EB92-DD6C-4037-9CC6-02288C4658DB}.Release|Any CPU.ActiveCfg = Release|Any CPU
		{7713EB92-DD6C-4037-9CC6-02288C4658DB}.Release|Any CPU.Build.0 = Release|Any CPU
	EndGlobalSection
	GlobalSection(SolutionProperties) = preSolution
		HideSolutionNode = FALSE
	EndGlobalSection
	GlobalSection(ExtensibilityGlobals) = postSolution
		SolutionGuid = {37219B75-EBA8-4645-A5BA-E910CAB8A474}
	EndGlobalSection
EndGlobal
